
Microsoft Visual Studio Solution File, Format Version 12.00
# Visual Studio Version 17
VisualStudioVersion = 17.0.31903.59
MinimumVisualStudioVersion = 10.0.40219.1
Project("{2150E333-8FDC-42A3-9474-1A3956D46DE8}") = "Example-1", "Example-1", "{AE3679F7-49CA-4583-BA38-340BE6A5DF79}"
EndProject
Project("{FAE04EC0-301F-11D3-BF4B-00C04F79EFBC}") = "RabbitMQ.Consumer", "Example-1\RabbitMQ.Consumer\RabbitMQ.Consumer.csproj", "{F43E3A00-A448-4E7D-A780-56E21427C073}"
EndProject
Project("{FAE04EC0-301F-11D3-BF4B-00C04F79EFBC}") = "RabbitMQ.Publisher", "Example-1\RabbitMQ.Publisher\RabbitMQ.Publisher.csproj", "{79214AB3-2BAC-498E-9EC4-8B89814093D9}"
EndProject
Project("{2150E333-8FDC-42A3-9474-1A3956D46DE8}") = "Example-2", "Example-2", "{9C4DD6F3-E71B-41A1-ABAB-C8AFB5DE0224}"
EndProject
Project("{2150E333-8FDC-42A3-9474-1A3956D46DE8}") = "Round-Robin-Dispatching", "Round-Robin-Dispatching", "{F3DA2E6C-5615-40CE-BAA3-4524F71C2647}"
EndProject
Project("{FAE04EC0-301F-11D3-BF4B-00C04F79EFBC}") = "RabbitMQ.Publisher", "Example-2\Round-Robin-Dispatching\RabbitMQ.Publisher\RabbitMQ.Publisher.csproj", "{B3CA848F-B266-415B-AA6D-6A034B4AF122}"
EndProject
Project("{FAE04EC0-301F-11D3-BF4B-00C04F79EFBC}") = "RabbitMQ.Consumer-1", "Example-2\Round-Robin-Dispatching\RabbitMQ.Consumer-1\RabbitMQ.Consumer-1.csproj", "{6326F275-05AF-484E-A12F-7B2670D03CF9}"
EndProject
Project("{FAE04EC0-301F-11D3-BF4B-00C04F79EFBC}") = "RabbitMQ.Consumer-2", "Example-2\Round-Robin-Dispatching\RabbitMQ.Consumer-2\RabbitMQ.Consumer-2.csproj", "{89B39C47-542B-4803-8B22-5FF6A2E826A3}"
EndProject
Project("{FAE04EC0-301F-11D3-BF4B-00C04F79EFBC}") = "RabbitMQ.Consumer-3", "Example-2\Round-Robin-Dispatching\RabbitMQ.Consumer-3\RabbitMQ.Consumer-3.csproj", "{2EA62F55-DDA2-477F-804D-89F7AECDBC3D}"
EndProject
Project("{2150E333-8FDC-42A3-9474-1A3956D46DE8}") = "MessageAcknowledgement", "MessageAcknowledgement", "{487A11EE-D5E7-4842-A376-15CCFC1C1EB3}"
EndProject
Project("{FAE04EC0-301F-11D3-BF4B-00C04F79EFBC}") = "RabbitMQ.Publisher", "Example-2\MessageAcknowledgement\RabbitMQ.Publisher\RabbitMQ.Publisher.csproj", "{6383F00F-71B5-433D-A899-44D18D89D33C}"
EndProject
Project("{FAE04EC0-301F-11D3-BF4B-00C04F79EFBC}") = "RabbitMQ.Consumer-3", "Example-2\MessageAcknowledgement\RabbitMQ.Consumer-3\RabbitMQ.Consumer-3.csproj", "{A8C5D469-0A20-464D-846A-468F9151A09A}"
EndProject
Project("{FAE04EC0-301F-11D3-BF4B-00C04F79EFBC}") = "RabbitMQ.Consumer-2", "Example-2\MessageAcknowledgement\RabbitMQ.Consumer-2\RabbitMQ.Consumer-2.csproj", "{DB97E202-6966-4042-9BCB-76067483723C}"
EndProject
Project("{FAE04EC0-301F-11D3-BF4B-00C04F79EFBC}") = "RabbitMQ.Consumer-1", "Example-2\MessageAcknowledgement\RabbitMQ.Consumer-1\RabbitMQ.Consumer-1.csproj", "{190B2C34-7D4A-4A86-8F17-D393E09B2EB2}"
EndProject
Global
	GlobalSection(SolutionConfigurationPlatforms) = preSolution
		Debug|Any CPU = Debug|Any CPU
		Release|Any CPU = Release|Any CPU
	EndGlobalSection
	GlobalSection(SolutionProperties) = preSolution
		HideSolutionNode = FALSE
	EndGlobalSection
	GlobalSection(ProjectConfigurationPlatforms) = postSolution
		{F43E3A00-A448-4E7D-A780-56E21427C073}.Debug|Any CPU.ActiveCfg = Debug|Any CPU
		{F43E3A00-A448-4E7D-A780-56E21427C073}.Debug|Any CPU.Build.0 = Debug|Any CPU
		{F43E3A00-A448-4E7D-A780-56E21427C073}.Release|Any CPU.ActiveCfg = Release|Any CPU
		{F43E3A00-A448-4E7D-A780-56E21427C073}.Release|Any CPU.Build.0 = Release|Any CPU
		{79214AB3-2BAC-498E-9EC4-8B89814093D9}.Debug|Any CPU.ActiveCfg = Debug|Any CPU
		{79214AB3-2BAC-498E-9EC4-8B89814093D9}.Debug|Any CPU.Build.0 = Debug|Any CPU
		{79214AB3-2BAC-498E-9EC4-8B89814093D9}.Release|Any CPU.ActiveCfg = Release|Any CPU
		{79214AB3-2BAC-498E-9EC4-8B89814093D9}.Release|Any CPU.Build.0 = Release|Any CPU
		{B3CA848F-B266-415B-AA6D-6A034B4AF122}.Debug|Any CPU.ActiveCfg = Debug|Any CPU
		{B3CA848F-B266-415B-AA6D-6A034B4AF122}.Debug|Any CPU.Build.0 = Debug|Any CPU
		{B3CA848F-B266-415B-AA6D-6A034B4AF122}.Release|Any CPU.ActiveCfg = Release|Any CPU
		{B3CA848F-B266-415B-AA6D-6A034B4AF122}.Release|Any CPU.Build.0 = Release|Any CPU
		{6326F275-05AF-484E-A12F-7B2670D03CF9}.Debug|Any CPU.ActiveCfg = Debug|Any CPU
		{6326F275-05AF-484E-A12F-7B2670D03CF9}.Debug|Any CPU.Build.0 = Debug|Any CPU
		{6326F275-05AF-484E-A12F-7B2670D03CF9}.Release|Any CPU.ActiveCfg = Release|Any CPU
		{6326F275-05AF-484E-A12F-7B2670D03CF9}.Release|Any CPU.Build.0 = Release|Any CPU
		{89B39C47-542B-4803-8B22-5FF6A2E826A3}.Debug|Any CPU.ActiveCfg = Debug|Any CPU
		{89B39C47-542B-4803-8B22-5FF6A2E826A3}.Debug|Any CPU.Build.0 = Debug|Any CPU
		{89B39C47-542B-4803-8B22-5FF6A2E826A3}.Release|Any CPU.ActiveCfg = Release|Any CPU
		{89B39C47-542B-4803-8B22-5FF6A2E826A3}.Release|Any CPU.Build.0 = Release|Any CPU
		{2EA62F55-DDA2-477F-804D-89F7AECDBC3D}.Debug|Any CPU.ActiveCfg = Debug|Any CPU
		{2EA62F55-DDA2-477F-804D-89F7AECDBC3D}.Debug|Any CPU.Build.0 = Debug|Any CPU
		{2EA62F55-DDA2-477F-804D-89F7AECDBC3D}.Release|Any CPU.ActiveCfg = Release|Any CPU
		{2EA62F55-DDA2-477F-804D-89F7AECDBC3D}.Release|Any CPU.Build.0 = Release|Any CPU
		{6383F00F-71B5-433D-A899-44D18D89D33C}.Debug|Any CPU.ActiveCfg = Debug|Any CPU
		{6383F00F-71B5-433D-A899-44D18D89D33C}.Debug|Any CPU.Build.0 = Debug|Any CPU
		{6383F00F-71B5-433D-A899-44D18D89D33C}.Release|Any CPU.ActiveCfg = Release|Any CPU
		{6383F00F-71B5-433D-A899-44D18D89D33C}.Release|Any CPU.Build.0 = Release|Any CPU
		{A8C5D469-0A20-464D-846A-468F9151A09A}.Debug|Any CPU.ActiveCfg = Debug|Any CPU
		{A8C5D469-0A20-464D-846A-468F9151A09A}.Debug|Any CPU.Build.0 = Debug|Any CPU
		{A8C5D469-0A20-464D-846A-468F9151A09A}.Release|Any CPU.ActiveCfg = Release|Any CPU
		{A8C5D469-0A20-464D-846A-468F9151A09A}.Release|Any CPU.Build.0 = Release|Any CPU
		{DB97E202-6966-4042-9BCB-76067483723C}.Debug|Any CPU.ActiveCfg = Debug|Any CPU
		{DB97E202-6966-4042-9BCB-76067483723C}.Debug|Any CPU.Build.0 = Debug|Any CPU
		{DB97E202-6966-4042-9BCB-76067483723C}.Release|Any CPU.ActiveCfg = Release|Any CPU
		{DB97E202-6966-4042-9BCB-76067483723C}.Release|Any CPU.Build.0 = Release|Any CPU
		{190B2C34-7D4A-4A86-8F17-D393E09B2EB2}.Debug|Any CPU.ActiveCfg = Debug|Any CPU
		{190B2C34-7D4A-4A86-8F17-D393E09B2EB2}.Debug|Any CPU.Build.0 = Debug|Any CPU
		{190B2C34-7D4A-4A86-8F17-D393E09B2EB2}.Release|Any CPU.ActiveCfg = Release|Any CPU
		{190B2C34-7D4A-4A86-8F17-D393E09B2EB2}.Release|Any CPU.Build.0 = Release|Any CPU
	EndGlobalSection
	GlobalSection(NestedProjects) = preSolution
		{F43E3A00-A448-4E7D-A780-56E21427C073} = {AE3679F7-49CA-4583-BA38-340BE6A5DF79}
		{79214AB3-2BAC-498E-9EC4-8B89814093D9} = {AE3679F7-49CA-4583-BA38-340BE6A5DF79}
		{F3DA2E6C-5615-40CE-BAA3-4524F71C2647} = {9C4DD6F3-E71B-41A1-ABAB-C8AFB5DE0224}
		{B3CA848F-B266-415B-AA6D-6A034B4AF122} = {F3DA2E6C-5615-40CE-BAA3-4524F71C2647}
		{6326F275-05AF-484E-A12F-7B2670D03CF9} = {F3DA2E6C-5615-40CE-BAA3-4524F71C2647}
		{89B39C47-542B-4803-8B22-5FF6A2E826A3} = {F3DA2E6C-5615-40CE-BAA3-4524F71C2647}
		{2EA62F55-DDA2-477F-804D-89F7AECDBC3D} = {F3DA2E6C-5615-40CE-BAA3-4524F71C2647}
		{487A11EE-D5E7-4842-A376-15CCFC1C1EB3} = {9C4DD6F3-E71B-41A1-ABAB-C8AFB5DE0224}
		{6383F00F-71B5-433D-A899-44D18D89D33C} = {487A11EE-D5E7-4842-A376-15CCFC1C1EB3}
		{A8C5D469-0A20-464D-846A-468F9151A09A} = {487A11EE-D5E7-4842-A376-15CCFC1C1EB3}
		{DB97E202-6966-4042-9BCB-76067483723C} = {487A11EE-D5E7-4842-A376-15CCFC1C1EB3}
		{190B2C34-7D4A-4A86-8F17-D393E09B2EB2} = {487A11EE-D5E7-4842-A376-15CCFC1C1EB3}
	EndGlobalSection
EndGlobal
