
Microsoft Visual Studio Solution File, Format Version 12.00
# Visual Studio Version 17
VisualStudioVersion = 17.0.31903.59
MinimumVisualStudioVersion = 10.0.40219.1
Project("{2150E333-8FDC-42A3-9474-1A3956D46DE8}") = "Example-1", "Example-1", "{AE3679F7-49CA-4583-BA38-340BE6A5DF79}"
EndProject
Project("{FAE04EC0-301F-11D3-BF4B-00C04F79EFBC}") = "RabbitMQ.Consumer", "Example-1\RabbitMQ.Consumer\RabbitMQ.Consumer.csproj", "{F43E3A00-A448-4E7D-A780-56E21427C073}"
EndProject
Project("{FAE04EC0-301F-11D3-BF4B-00C04F79EFBC}") = "RabbitMQ.Publisher", "Example-1\RabbitMQ.Publisher\RabbitMQ.Publisher.csproj", "{79214AB3-2BAC-498E-9EC4-8B89814093D9}"
EndProject
Project("{2150E333-8FDC-42A3-9474-1A3956D46DE8}") = "Example-2", "Example-2", "{9C4DD6F3-E71B-41A1-ABAB-C8AFB5DE0224}"
EndProject
Project("{2150E333-8FDC-42A3-9474-1A3956D46DE8}") = "Round-Robin-Dispatching", "Round-Robin-Dispatching", "{F3DA2E6C-5615-40CE-BAA3-4524F71C2647}"
EndProject
Project("{FAE04EC0-301F-11D3-BF4B-00C04F79EFBC}") = "RabbitMQ.Publisher", "Example-2\Round-Robin-Dispatching\RabbitMQ.Publisher\RabbitMQ.Publisher.csproj", "{B3CA848F-B266-415B-AA6D-6A034B4AF122}"
EndProject
Project("{FAE04EC0-301F-11D3-BF4B-00C04F79EFBC}") = "RabbitMQ.Consumer-1", "Example-2\Round-Robin-Dispatching\RabbitMQ.Consumer-1\RabbitMQ.Consumer-1.csproj", "{6326F275-05AF-484E-A12F-7B2670D03CF9}"
EndProject
Project("{2150E333-8FDC-42A3-9474-1A3956D46DE8}") = "MessageAcknowledgement", "MessageAcknowledgement", "{487A11EE-D5E7-4842-A376-15CCFC1C1EB3}"
EndProject
Project("{FAE04EC0-301F-11D3-BF4B-00C04F79EFBC}") = "RabbitMQ.Publisher", "Example-2\MessageAcknowledgement\RabbitMQ.Publisher\RabbitMQ.Publisher.csproj", "{6383F00F-71B5-433D-A899-44D18D89D33C}"
EndProject
Project("{FAE04EC0-301F-11D3-BF4B-00C04F79EFBC}") = "RabbitMQ.Consumer-1", "Example-2\MessageAcknowledgement\RabbitMQ.Consumer-1\RabbitMQ.Consumer-1.csproj", "{190B2C34-7D4A-4A86-8F17-D393E09B2EB2}"
EndProject
Project("{2150E333-8FDC-42A3-9474-1A3956D46DE8}") = "MessageDurability", "MessageDurability", "{D5BC72B6-68D7-4276-BF45-C8EBCE529BE6}"
EndProject
Project("{FAE04EC0-301F-11D3-BF4B-00C04F79EFBC}") = "RabbitMQ.Consumer-1", "Example-2\MessageDurability\RabbitMQ.Consumer-1\RabbitMQ.Consumer-1.csproj", "{214DC1D5-EAC6-49F1-800D-7A99E3CF019B}"
EndProject
Project("{FAE04EC0-301F-11D3-BF4B-00C04F79EFBC}") = "RabbitMQ.Publisher", "Example-2\MessageDurability\RabbitMQ.Publisher\RabbitMQ.Publisher.csproj", "{24F0DAEB-2E96-4CFB-B193-FBACB9A6721E}"
EndProject
Project("{2150E333-8FDC-42A3-9474-1A3956D46DE8}") = "FairDispatch", "FairDispatch", "{9722F3E0-F78D-49AC-AEA6-A3FC57BD0609}"
EndProject
Project("{FAE04EC0-301F-11D3-BF4B-00C04F79EFBC}") = "RabbitMQ.Consumer-1", "Example-2\FairDispatch\RabbitMQ.Consumer-1\RabbitMQ.Consumer-1.csproj", "{38E5288F-7E42-4482-B22A-FC654E958941}"
EndProject
Project("{FAE04EC0-301F-11D3-BF4B-00C04F79EFBC}") = "RabbitMQ.Publisher", "Example-2\FairDispatch\RabbitMQ.Publisher\RabbitMQ.Publisher.csproj", "{C419D485-7285-42FE-BCA7-4580701AC87F}"
EndProject
Project("{2150E333-8FDC-42A3-9474-1A3956D46DE8}") = "Example-3", "Example-3", "{8CC91ACA-EF5B-4360-9BB8-46CF33AC6E03}"
EndProject
Project("{2150E333-8FDC-42A3-9474-1A3956D46DE8}") = "Direct-Exchange-Basic", "Direct-Exchange-Basic", "{EB06C982-82A2-4278-B0D0-87AD08BF0D9A}"
EndProject
Project("{FAE04EC0-301F-11D3-BF4B-00C04F79EFBC}") = "RabbitMQ.Consumer", "Example-3\Direct-Exchange-Basic\RabbitMQ.Consumer\RabbitMQ.Consumer.csproj", "{235B9BB1-447D-412F-9D90-0958BACAFB78}"
EndProject
Project("{FAE04EC0-301F-11D3-BF4B-00C04F79EFBC}") = "RabbitMQ.Publisher", "Example-3\Direct-Exchange-Basic\RabbitMQ.Publisher\RabbitMQ.Publisher.csproj", "{60D96F77-AA30-44F7-86C4-907FEB0DC44B}"
EndProject
Project("{2150E333-8FDC-42A3-9474-1A3956D46DE8}") = "Fanout-Exchange", "Fanout-Exchange", "{BF714462-2B19-45E0-B003-55C58B361D5F}"
EndProject
Project("{FAE04EC0-301F-11D3-BF4B-00C04F79EFBC}") = "RabbitMQ.Consumer", "Example-3\Fanout-Exchange\RabbitMQ.Consumer\RabbitMQ.Consumer.csproj", "{64F75C74-3F62-437C-AD44-23492A184176}"
EndProject
Project("{FAE04EC0-301F-11D3-BF4B-00C04F79EFBC}") = "RabbitMQ.Publisher", "Example-3\Fanout-Exchange\RabbitMQ.Publisher\RabbitMQ.Publisher.csproj", "{874B9324-E259-4BA4-A513-EF84E7BE06FE}"
EndProject
Project("{2150E333-8FDC-42A3-9474-1A3956D46DE8}") = "Topic-Exchange", "Topic-Exchange", "{24BC27A0-CA10-49AD-9631-BEDCA59D9239}"
EndProject
Project("{FAE04EC0-301F-11D3-BF4B-00C04F79EFBC}") = "RabbitMQ.Consumer", "Example-3\Topic-Exchange\RabbitMQ.Consumer\RabbitMQ.Consumer.csproj", "{92BA99AA-EF21-487F-BE24-2FF941856532}"
EndProject
Project("{FAE04EC0-301F-11D3-BF4B-00C04F79EFBC}") = "RabbitMQ.Publisher", "Example-3\Topic-Exchange\RabbitMQ.Publisher\RabbitMQ.Publisher.csproj", "{5CACAD88-363B-4296-B43D-1EB6CDE00CDF}"
EndProject
Project("{2150E333-8FDC-42A3-9474-1A3956D46DE8}") = "Header-Exchange", "Header-Exchange", "{0F358416-47BF-4E62-96C1-D3D9249956FE}"
EndProject
Project("{FAE04EC0-301F-11D3-BF4B-00C04F79EFBC}") = "RabbitMQ.Consumer", "Example-3\Header-Exchange\RabbitMQ.Consumer\RabbitMQ.Consumer.csproj", "{54837748-894B-449A-AE8A-26C8B0F88C27}"
EndProject
Project("{FAE04EC0-301F-11D3-BF4B-00C04F79EFBC}") = "RabbitMQ.Publisher", "Example-3\Header-Exchange\RabbitMQ.Publisher\RabbitMQ.Publisher.csproj", "{D87C8DFD-823A-44D8-AC34-62B2D79BA53F}"
EndProject
Project("{2150E333-8FDC-42A3-9474-1A3956D46DE8}") = "Example-4", "Example-4", "{1A64EDC3-7BC7-44BB-8CAA-84CB1249847F}"
EndProject
Project("{2150E333-8FDC-42A3-9474-1A3956D46DE8}") = "P2P", "P2P", "{2A91ECB7-BF6B-4C61-BF3D-B89C42865F49}"
EndProject
Project("{FAE04EC0-301F-11D3-BF4B-00C04F79EFBC}") = "RabbitMQ.Consumer", "Example-4\P2P\RabbitMQ.Consumer\RabbitMQ.Consumer.csproj", "{69294493-967A-49C1-987B-0EA8CA142C25}"
EndProject
Project("{FAE04EC0-301F-11D3-BF4B-00C04F79EFBC}") = "RabbitMQ.Publisher", "Example-4\P2P\RabbitMQ.Publisher\RabbitMQ.Publisher.csproj", "{76EACDAD-22F3-471A-BF9C-9897E4D7F1D0}"
EndProject
Project("{2150E333-8FDC-42A3-9474-1A3956D46DE8}") = "Publish-Subscribe", "Publish-Subscribe", "{BD1E5D2F-44D0-4FDD-9E91-3760EA9279FF}"
EndProject
Project("{FAE04EC0-301F-11D3-BF4B-00C04F79EFBC}") = "RabbitMQ.Consumer", "Example-4\Publish-Subscribe\RabbitMQ.Consumer\RabbitMQ.Consumer.csproj", "{D0F85BDA-8908-4A9A-B615-B46E156269FA}"
EndProject
Project("{FAE04EC0-301F-11D3-BF4B-00C04F79EFBC}") = "RabbitMQ.Publisher", "Example-4\Publish-Subscribe\RabbitMQ.Publisher\RabbitMQ.Publisher.csproj", "{C9BAC314-7ED3-450D-B641-203CED07F053}"
EndProject
Project("{2150E333-8FDC-42A3-9474-1A3956D46DE8}") = "Work-Queue", "Work-Queue", "{4BB417B3-66C7-4B19-A112-BC4F34F38F8E}"
EndProject
Project("{FAE04EC0-301F-11D3-BF4B-00C04F79EFBC}") = "RabbitMQ.Consumer", "Example-4\Work-Queue\RabbitMQ.Consumer\RabbitMQ.Consumer.csproj", "{A951C838-F6AD-4D65-AB71-617442462AAE}"
EndProject
Project("{FAE04EC0-301F-11D3-BF4B-00C04F79EFBC}") = "RabbitMQ.Publisher", "Example-4\Work-Queue\RabbitMQ.Publisher\RabbitMQ.Publisher.csproj", "{39FEA6B4-5B31-4B38-B863-EA5E0BDB659F}"
EndProject
Project("{2150E333-8FDC-42A3-9474-1A3956D46DE8}") = "Request-Response", "Request-Response", "{37DFE624-7199-4B01-8C93-B56DC29F503B}"
EndProject
Project("{FAE04EC0-301F-11D3-BF4B-00C04F79EFBC}") = "RabbitMQ.Consumer", "Example-4\Request-Response\RabbitMQ.Consumer\RabbitMQ.Consumer.csproj", "{5357E917-C54F-49CF-8EB4-E8DC9F1797CA}"
EndProject
Project("{FAE04EC0-301F-11D3-BF4B-00C04F79EFBC}") = "RabbitMQ.Publisher", "Example-4\Request-Response\RabbitMQ.Publisher\RabbitMQ.Publisher.csproj", "{F0964364-52C2-48EA-8D27-D9E2C2A1B6B6}"
EndProject
Global
	GlobalSection(SolutionConfigurationPlatforms) = preSolution
		Debug|Any CPU = Debug|Any CPU
		Release|Any CPU = Release|Any CPU
	EndGlobalSection
	GlobalSection(SolutionProperties) = preSolution
		HideSolutionNode = FALSE
	EndGlobalSection
	GlobalSection(ProjectConfigurationPlatforms) = postSolution
		{F43E3A00-A448-4E7D-A780-56E21427C073}.Debug|Any CPU.ActiveCfg = Debug|Any CPU
		{F43E3A00-A448-4E7D-A780-56E21427C073}.Debug|Any CPU.Build.0 = Debug|Any CPU
		{F43E3A00-A448-4E7D-A780-56E21427C073}.Release|Any CPU.ActiveCfg = Release|Any CPU
		{F43E3A00-A448-4E7D-A780-56E21427C073}.Release|Any CPU.Build.0 = Release|Any CPU
		{79214AB3-2BAC-498E-9EC4-8B89814093D9}.Debug|Any CPU.ActiveCfg = Debug|Any CPU
		{79214AB3-2BAC-498E-9EC4-8B89814093D9}.Debug|Any CPU.Build.0 = Debug|Any CPU
		{79214AB3-2BAC-498E-9EC4-8B89814093D9}.Release|Any CPU.ActiveCfg = Release|Any CPU
		{79214AB3-2BAC-498E-9EC4-8B89814093D9}.Release|Any CPU.Build.0 = Release|Any CPU
		{B3CA848F-B266-415B-AA6D-6A034B4AF122}.Debug|Any CPU.ActiveCfg = Debug|Any CPU
		{B3CA848F-B266-415B-AA6D-6A034B4AF122}.Debug|Any CPU.Build.0 = Debug|Any CPU
		{B3CA848F-B266-415B-AA6D-6A034B4AF122}.Release|Any CPU.ActiveCfg = Release|Any CPU
		{B3CA848F-B266-415B-AA6D-6A034B4AF122}.Release|Any CPU.Build.0 = Release|Any CPU
		{6326F275-05AF-484E-A12F-7B2670D03CF9}.Debug|Any CPU.ActiveCfg = Debug|Any CPU
		{6326F275-05AF-484E-A12F-7B2670D03CF9}.Debug|Any CPU.Build.0 = Debug|Any CPU
		{6326F275-05AF-484E-A12F-7B2670D03CF9}.Release|Any CPU.ActiveCfg = Release|Any CPU
		{6326F275-05AF-484E-A12F-7B2670D03CF9}.Release|Any CPU.Build.0 = Release|Any CPU
		{6383F00F-71B5-433D-A899-44D18D89D33C}.Debug|Any CPU.ActiveCfg = Debug|Any CPU
		{6383F00F-71B5-433D-A899-44D18D89D33C}.Debug|Any CPU.Build.0 = Debug|Any CPU
		{6383F00F-71B5-433D-A899-44D18D89D33C}.Release|Any CPU.ActiveCfg = Release|Any CPU
		{6383F00F-71B5-433D-A899-44D18D89D33C}.Release|Any CPU.Build.0 = Release|Any CPU
		{190B2C34-7D4A-4A86-8F17-D393E09B2EB2}.Debug|Any CPU.ActiveCfg = Debug|Any CPU
		{190B2C34-7D4A-4A86-8F17-D393E09B2EB2}.Debug|Any CPU.Build.0 = Debug|Any CPU
		{190B2C34-7D4A-4A86-8F17-D393E09B2EB2}.Release|Any CPU.ActiveCfg = Release|Any CPU
		{190B2C34-7D4A-4A86-8F17-D393E09B2EB2}.Release|Any CPU.Build.0 = Release|Any CPU
		{214DC1D5-EAC6-49F1-800D-7A99E3CF019B}.Debug|Any CPU.ActiveCfg = Debug|Any CPU
		{214DC1D5-EAC6-49F1-800D-7A99E3CF019B}.Debug|Any CPU.Build.0 = Debug|Any CPU
		{214DC1D5-EAC6-49F1-800D-7A99E3CF019B}.Release|Any CPU.ActiveCfg = Release|Any CPU
		{214DC1D5-EAC6-49F1-800D-7A99E3CF019B}.Release|Any CPU.Build.0 = Release|Any CPU
		{24F0DAEB-2E96-4CFB-B193-FBACB9A6721E}.Debug|Any CPU.ActiveCfg = Debug|Any CPU
		{24F0DAEB-2E96-4CFB-B193-FBACB9A6721E}.Debug|Any CPU.Build.0 = Debug|Any CPU
		{24F0DAEB-2E96-4CFB-B193-FBACB9A6721E}.Release|Any CPU.ActiveCfg = Release|Any CPU
		{24F0DAEB-2E96-4CFB-B193-FBACB9A6721E}.Release|Any CPU.Build.0 = Release|Any CPU
		{38E5288F-7E42-4482-B22A-FC654E958941}.Debug|Any CPU.ActiveCfg = Debug|Any CPU
		{38E5288F-7E42-4482-B22A-FC654E958941}.Debug|Any CPU.Build.0 = Debug|Any CPU
		{38E5288F-7E42-4482-B22A-FC654E958941}.Release|Any CPU.ActiveCfg = Release|Any CPU
		{38E5288F-7E42-4482-B22A-FC654E958941}.Release|Any CPU.Build.0 = Release|Any CPU
		{C419D485-7285-42FE-BCA7-4580701AC87F}.Debug|Any CPU.ActiveCfg = Debug|Any CPU
		{C419D485-7285-42FE-BCA7-4580701AC87F}.Debug|Any CPU.Build.0 = Debug|Any CPU
		{C419D485-7285-42FE-BCA7-4580701AC87F}.Release|Any CPU.ActiveCfg = Release|Any CPU
		{C419D485-7285-42FE-BCA7-4580701AC87F}.Release|Any CPU.Build.0 = Release|Any CPU
		{235B9BB1-447D-412F-9D90-0958BACAFB78}.Debug|Any CPU.ActiveCfg = Debug|Any CPU
		{235B9BB1-447D-412F-9D90-0958BACAFB78}.Debug|Any CPU.Build.0 = Debug|Any CPU
		{235B9BB1-447D-412F-9D90-0958BACAFB78}.Release|Any CPU.ActiveCfg = Release|Any CPU
		{235B9BB1-447D-412F-9D90-0958BACAFB78}.Release|Any CPU.Build.0 = Release|Any CPU
		{60D96F77-AA30-44F7-86C4-907FEB0DC44B}.Debug|Any CPU.ActiveCfg = Debug|Any CPU
		{60D96F77-AA30-44F7-86C4-907FEB0DC44B}.Debug|Any CPU.Build.0 = Debug|Any CPU
		{60D96F77-AA30-44F7-86C4-907FEB0DC44B}.Release|Any CPU.ActiveCfg = Release|Any CPU
		{60D96F77-AA30-44F7-86C4-907FEB0DC44B}.Release|Any CPU.Build.0 = Release|Any CPU
		{64F75C74-3F62-437C-AD44-23492A184176}.Debug|Any CPU.ActiveCfg = Debug|Any CPU
		{64F75C74-3F62-437C-AD44-23492A184176}.Debug|Any CPU.Build.0 = Debug|Any CPU
		{64F75C74-3F62-437C-AD44-23492A184176}.Release|Any CPU.ActiveCfg = Release|Any CPU
		{64F75C74-3F62-437C-AD44-23492A184176}.Release|Any CPU.Build.0 = Release|Any CPU
		{874B9324-E259-4BA4-A513-EF84E7BE06FE}.Debug|Any CPU.ActiveCfg = Debug|Any CPU
		{874B9324-E259-4BA4-A513-EF84E7BE06FE}.Debug|Any CPU.Build.0 = Debug|Any CPU
		{874B9324-E259-4BA4-A513-EF84E7BE06FE}.Release|Any CPU.ActiveCfg = Release|Any CPU
		{874B9324-E259-4BA4-A513-EF84E7BE06FE}.Release|Any CPU.Build.0 = Release|Any CPU
		{92BA99AA-EF21-487F-BE24-2FF941856532}.Debug|Any CPU.ActiveCfg = Debug|Any CPU
		{92BA99AA-EF21-487F-BE24-2FF941856532}.Debug|Any CPU.Build.0 = Debug|Any CPU
		{92BA99AA-EF21-487F-BE24-2FF941856532}.Release|Any CPU.ActiveCfg = Release|Any CPU
		{92BA99AA-EF21-487F-BE24-2FF941856532}.Release|Any CPU.Build.0 = Release|Any CPU
		{5CACAD88-363B-4296-B43D-1EB6CDE00CDF}.Debug|Any CPU.ActiveCfg = Debug|Any CPU
		{5CACAD88-363B-4296-B43D-1EB6CDE00CDF}.Debug|Any CPU.Build.0 = Debug|Any CPU
		{5CACAD88-363B-4296-B43D-1EB6CDE00CDF}.Release|Any CPU.ActiveCfg = Release|Any CPU
		{5CACAD88-363B-4296-B43D-1EB6CDE00CDF}.Release|Any CPU.Build.0 = Release|Any CPU
		{54837748-894B-449A-AE8A-26C8B0F88C27}.Debug|Any CPU.ActiveCfg = Debug|Any CPU
		{54837748-894B-449A-AE8A-26C8B0F88C27}.Debug|Any CPU.Build.0 = Debug|Any CPU
		{54837748-894B-449A-AE8A-26C8B0F88C27}.Release|Any CPU.ActiveCfg = Release|Any CPU
		{54837748-894B-449A-AE8A-26C8B0F88C27}.Release|Any CPU.Build.0 = Release|Any CPU
		{D87C8DFD-823A-44D8-AC34-62B2D79BA53F}.Debug|Any CPU.ActiveCfg = Debug|Any CPU
		{D87C8DFD-823A-44D8-AC34-62B2D79BA53F}.Debug|Any CPU.Build.0 = Debug|Any CPU
		{D87C8DFD-823A-44D8-AC34-62B2D79BA53F}.Release|Any CPU.ActiveCfg = Release|Any CPU
		{D87C8DFD-823A-44D8-AC34-62B2D79BA53F}.Release|Any CPU.Build.0 = Release|Any CPU
		{69294493-967A-49C1-987B-0EA8CA142C25}.Debug|Any CPU.ActiveCfg = Debug|Any CPU
		{69294493-967A-49C1-987B-0EA8CA142C25}.Debug|Any CPU.Build.0 = Debug|Any CPU
		{69294493-967A-49C1-987B-0EA8CA142C25}.Release|Any CPU.ActiveCfg = Release|Any CPU
		{69294493-967A-49C1-987B-0EA8CA142C25}.Release|Any CPU.Build.0 = Release|Any CPU
		{76EACDAD-22F3-471A-BF9C-9897E4D7F1D0}.Debug|Any CPU.ActiveCfg = Debug|Any CPU
		{76EACDAD-22F3-471A-BF9C-9897E4D7F1D0}.Debug|Any CPU.Build.0 = Debug|Any CPU
		{76EACDAD-22F3-471A-BF9C-9897E4D7F1D0}.Release|Any CPU.ActiveCfg = Release|Any CPU
		{76EACDAD-22F3-471A-BF9C-9897E4D7F1D0}.Release|Any CPU.Build.0 = Release|Any CPU
		{D0F85BDA-8908-4A9A-B615-B46E156269FA}.Debug|Any CPU.ActiveCfg = Debug|Any CPU
		{D0F85BDA-8908-4A9A-B615-B46E156269FA}.Debug|Any CPU.Build.0 = Debug|Any CPU
		{D0F85BDA-8908-4A9A-B615-B46E156269FA}.Release|Any CPU.ActiveCfg = Release|Any CPU
		{D0F85BDA-8908-4A9A-B615-B46E156269FA}.Release|Any CPU.Build.0 = Release|Any CPU
		{C9BAC314-7ED3-450D-B641-203CED07F053}.Debug|Any CPU.ActiveCfg = Debug|Any CPU
		{C9BAC314-7ED3-450D-B641-203CED07F053}.Debug|Any CPU.Build.0 = Debug|Any CPU
		{C9BAC314-7ED3-450D-B641-203CED07F053}.Release|Any CPU.ActiveCfg = Release|Any CPU
		{C9BAC314-7ED3-450D-B641-203CED07F053}.Release|Any CPU.Build.0 = Release|Any CPU
		{A951C838-F6AD-4D65-AB71-617442462AAE}.Debug|Any CPU.ActiveCfg = Debug|Any CPU
		{A951C838-F6AD-4D65-AB71-617442462AAE}.Debug|Any CPU.Build.0 = Debug|Any CPU
		{A951C838-F6AD-4D65-AB71-617442462AAE}.Release|Any CPU.ActiveCfg = Release|Any CPU
		{A951C838-F6AD-4D65-AB71-617442462AAE}.Release|Any CPU.Build.0 = Release|Any CPU
		{39FEA6B4-5B31-4B38-B863-EA5E0BDB659F}.Debug|Any CPU.ActiveCfg = Debug|Any CPU
		{39FEA6B4-5B31-4B38-B863-EA5E0BDB659F}.Debug|Any CPU.Build.0 = Debug|Any CPU
		{39FEA6B4-5B31-4B38-B863-EA5E0BDB659F}.Release|Any CPU.ActiveCfg = Release|Any CPU
		{39FEA6B4-5B31-4B38-B863-EA5E0BDB659F}.Release|Any CPU.Build.0 = Release|Any CPU
		{5357E917-C54F-49CF-8EB4-E8DC9F1797CA}.Debug|Any CPU.ActiveCfg = Debug|Any CPU
		{5357E917-C54F-49CF-8EB4-E8DC9F1797CA}.Debug|Any CPU.Build.0 = Debug|Any CPU
		{5357E917-C54F-49CF-8EB4-E8DC9F1797CA}.Release|Any CPU.ActiveCfg = Release|Any CPU
		{5357E917-C54F-49CF-8EB4-E8DC9F1797CA}.Release|Any CPU.Build.0 = Release|Any CPU
		{F0964364-52C2-48EA-8D27-D9E2C2A1B6B6}.Debug|Any CPU.ActiveCfg = Debug|Any CPU
		{F0964364-52C2-48EA-8D27-D9E2C2A1B6B6}.Debug|Any CPU.Build.0 = Debug|Any CPU
		{F0964364-52C2-48EA-8D27-D9E2C2A1B6B6}.Release|Any CPU.ActiveCfg = Release|Any CPU
		{F0964364-52C2-48EA-8D27-D9E2C2A1B6B6}.Release|Any CPU.Build.0 = Release|Any CPU
	EndGlobalSection
	GlobalSection(NestedProjects) = preSolution
		{F43E3A00-A448-4E7D-A780-56E21427C073} = {AE3679F7-49CA-4583-BA38-340BE6A5DF79}
		{79214AB3-2BAC-498E-9EC4-8B89814093D9} = {AE3679F7-49CA-4583-BA38-340BE6A5DF79}
		{F3DA2E6C-5615-40CE-BAA3-4524F71C2647} = {9C4DD6F3-E71B-41A1-ABAB-C8AFB5DE0224}
		{B3CA848F-B266-415B-AA6D-6A034B4AF122} = {F3DA2E6C-5615-40CE-BAA3-4524F71C2647}
		{6326F275-05AF-484E-A12F-7B2670D03CF9} = {F3DA2E6C-5615-40CE-BAA3-4524F71C2647}
		{487A11EE-D5E7-4842-A376-15CCFC1C1EB3} = {9C4DD6F3-E71B-41A1-ABAB-C8AFB5DE0224}
		{6383F00F-71B5-433D-A899-44D18D89D33C} = {487A11EE-D5E7-4842-A376-15CCFC1C1EB3}
		{190B2C34-7D4A-4A86-8F17-D393E09B2EB2} = {487A11EE-D5E7-4842-A376-15CCFC1C1EB3}
		{D5BC72B6-68D7-4276-BF45-C8EBCE529BE6} = {9C4DD6F3-E71B-41A1-ABAB-C8AFB5DE0224}
		{214DC1D5-EAC6-49F1-800D-7A99E3CF019B} = {D5BC72B6-68D7-4276-BF45-C8EBCE529BE6}
		{24F0DAEB-2E96-4CFB-B193-FBACB9A6721E} = {D5BC72B6-68D7-4276-BF45-C8EBCE529BE6}
		{9722F3E0-F78D-49AC-AEA6-A3FC57BD0609} = {9C4DD6F3-E71B-41A1-ABAB-C8AFB5DE0224}
		{38E5288F-7E42-4482-B22A-FC654E958941} = {9722F3E0-F78D-49AC-AEA6-A3FC57BD0609}
		{C419D485-7285-42FE-BCA7-4580701AC87F} = {9722F3E0-F78D-49AC-AEA6-A3FC57BD0609}
		{EB06C982-82A2-4278-B0D0-87AD08BF0D9A} = {8CC91ACA-EF5B-4360-9BB8-46CF33AC6E03}
		{235B9BB1-447D-412F-9D90-0958BACAFB78} = {EB06C982-82A2-4278-B0D0-87AD08BF0D9A}
		{60D96F77-AA30-44F7-86C4-907FEB0DC44B} = {EB06C982-82A2-4278-B0D0-87AD08BF0D9A}
		{BF714462-2B19-45E0-B003-55C58B361D5F} = {8CC91ACA-EF5B-4360-9BB8-46CF33AC6E03}
		{64F75C74-3F62-437C-AD44-23492A184176} = {BF714462-2B19-45E0-B003-55C58B361D5F}
		{874B9324-E259-4BA4-A513-EF84E7BE06FE} = {BF714462-2B19-45E0-B003-55C58B361D5F}
		{24BC27A0-CA10-49AD-9631-BEDCA59D9239} = {8CC91ACA-EF5B-4360-9BB8-46CF33AC6E03}
		{92BA99AA-EF21-487F-BE24-2FF941856532} = {24BC27A0-CA10-49AD-9631-BEDCA59D9239}
		{5CACAD88-363B-4296-B43D-1EB6CDE00CDF} = {24BC27A0-CA10-49AD-9631-BEDCA59D9239}
		{0F358416-47BF-4E62-96C1-D3D9249956FE} = {8CC91ACA-EF5B-4360-9BB8-46CF33AC6E03}
		{54837748-894B-449A-AE8A-26C8B0F88C27} = {0F358416-47BF-4E62-96C1-D3D9249956FE}
		{D87C8DFD-823A-44D8-AC34-62B2D79BA53F} = {0F358416-47BF-4E62-96C1-D3D9249956FE}
		{2A91ECB7-BF6B-4C61-BF3D-B89C42865F49} = {1A64EDC3-7BC7-44BB-8CAA-84CB1249847F}
		{69294493-967A-49C1-987B-0EA8CA142C25} = {2A91ECB7-BF6B-4C61-BF3D-B89C42865F49}
		{76EACDAD-22F3-471A-BF9C-9897E4D7F1D0} = {2A91ECB7-BF6B-4C61-BF3D-B89C42865F49}
		{BD1E5D2F-44D0-4FDD-9E91-3760EA9279FF} = {1A64EDC3-7BC7-44BB-8CAA-84CB1249847F}
		{D0F85BDA-8908-4A9A-B615-B46E156269FA} = {BD1E5D2F-44D0-4FDD-9E91-3760EA9279FF}
		{C9BAC314-7ED3-450D-B641-203CED07F053} = {BD1E5D2F-44D0-4FDD-9E91-3760EA9279FF}
		{4BB417B3-66C7-4B19-A112-BC4F34F38F8E} = {1A64EDC3-7BC7-44BB-8CAA-84CB1249847F}
		{A951C838-F6AD-4D65-AB71-617442462AAE} = {4BB417B3-66C7-4B19-A112-BC4F34F38F8E}
		{39FEA6B4-5B31-4B38-B863-EA5E0BDB659F} = {4BB417B3-66C7-4B19-A112-BC4F34F38F8E}
		{37DFE624-7199-4B01-8C93-B56DC29F503B} = {1A64EDC3-7BC7-44BB-8CAA-84CB1249847F}
		{5357E917-C54F-49CF-8EB4-E8DC9F1797CA} = {37DFE624-7199-4B01-8C93-B56DC29F503B}
		{F0964364-52C2-48EA-8D27-D9E2C2A1B6B6} = {37DFE624-7199-4B01-8C93-B56DC29F503B}
	EndGlobalSection
EndGlobal
